// !$*UTF8*$!
{
	archiveVersion = 1;
	classes = {
	};
	objectVersion = 46;
	objects = {

/* Begin PBXBuildFile section */
		8D78BC542BF5454DBFE75D41 /* Pods.framework in Frameworks */ = {isa = PBXBuildFile; fileRef = A4A0A5F7869737A246A53381 /* Pods.framework */; };
		AE961EA01BE82C4300E04491 /* AppDelegate.swift in Sources */ = {isa = PBXBuildFile; fileRef = AE961E9F1BE82C4300E04491 /* AppDelegate.swift */; };
		AE961EA51BE82C4300E04491 /* Main.storyboard in Resources */ = {isa = PBXBuildFile; fileRef = AE961EA31BE82C4300E04491 /* Main.storyboard */; };
		AE961EA71BE82C4300E04491 /* Assets.xcassets in Resources */ = {isa = PBXBuildFile; fileRef = AE961EA61BE82C4300E04491 /* Assets.xcassets */; };
		AE961EAA1BE82C4300E04491 /* LaunchScreen.storyboard in Resources */ = {isa = PBXBuildFile; fileRef = AE961EA81BE82C4300E04491 /* LaunchScreen.storyboard */; };
		AE961EB51BE82C4400E04491 /* ChatMachineTests.swift in Sources */ = {isa = PBXBuildFile; fileRef = AE961EB41BE82C4400E04491 /* ChatMachineTests.swift */; };
		AE961EC21BE830F000E04491 /* Message.swift in Sources */ = {isa = PBXBuildFile; fileRef = AE961EC11BE830F000E04491 /* Message.swift */; };
		AE961EC61BE8314F00E04491 /* MessageBubbleTableViewCell.swift in Sources */ = {isa = PBXBuildFile; fileRef = AE961EC51BE8314F00E04491 /* MessageBubbleTableViewCell.swift */; };
		AE961EC81BE8339B00E04491 /* MessageSentDateTableViewCell.swift in Sources */ = {isa = PBXBuildFile; fileRef = AE961EC71BE8339B00E04491 /* MessageSentDateTableViewCell.swift */; };
		AE961ECA1BE833CA00E04491 /* ChatViewController.swift in Sources */ = {isa = PBXBuildFile; fileRef = AE961EC91BE833CA00E04491 /* ChatViewController.swift */; };
		AEFE306A1BFDB8780060C353 /* WelcomeViewController.swift in Sources */ = {isa = PBXBuildFile; fileRef = AEFE30691BFDB8780060C353 /* WelcomeViewController.swift */; };
		AEFE306E1BFDB8BC0060C353 /* SignUpViewController.swift in Sources */ = {isa = PBXBuildFile; fileRef = AEFE306D1BFDB8BC0060C353 /* SignUpViewController.swift */; };
		AEFE30711BFDBB060060C353 /* LogInViewController.swift in Sources */ = {isa = PBXBuildFile; fileRef = AEFE30701BFDBB060060C353 /* LogInViewController.swift */; };
		B93C5EF0A3887351E18FCEFB /* Pods_ChatMachine.framework in Frameworks */ = {isa = PBXBuildFile; fileRef = B7BBB4648F4A18FB5B0085C6 /* Pods_ChatMachine.framework */; };
/* End PBXBuildFile section */

/* Begin PBXContainerItemProxy section */
		AE961EB11BE82C4400E04491 /* PBXContainerItemProxy */ = {
			isa = PBXContainerItemProxy;
			containerPortal = AE961E941BE82C4300E04491 /* Project object */;
			proxyType = 1;
			remoteGlobalIDString = AE961E9B1BE82C4300E04491;
			remoteInfo = ChatMachine;
		};
/* End PBXContainerItemProxy section */

/* Begin PBXFileReference section */
		4BFADFC27686DC72E0F1DBA8 /* Pods.release.xcconfig */ = {isa = PBXFileReference; includeInIndex = 1; lastKnownFileType = text.xcconfig; name = Pods.release.xcconfig; path = "Pods/Target Support Files/Pods/Pods.release.xcconfig"; sourceTree = "<group>"; };
		A4A0A5F7869737A246A53381 /* Pods.framework */ = {isa = PBXFileReference; explicitFileType = wrapper.framework; includeInIndex = 0; path = Pods.framework; sourceTree = BUILT_PRODUCTS_DIR; };
		AA68090FAD9E828D48950300 /* Pods.debug.xcconfig */ = {isa = PBXFileReference; includeInIndex = 1; lastKnownFileType = text.xcconfig; name = Pods.debug.xcconfig; path = "Pods/Target Support Files/Pods/Pods.debug.xcconfig"; sourceTree = "<group>"; };
		AE961E9C1BE82C4300E04491 /* ChatMachine.app */ = {isa = PBXFileReference; explicitFileType = wrapper.application; includeInIndex = 0; path = ChatMachine.app; sourceTree = BUILT_PRODUCTS_DIR; };
		AE961E9F1BE82C4300E04491 /* AppDelegate.swift */ = {isa = PBXFileReference; lastKnownFileType = sourcecode.swift; path = AppDelegate.swift; sourceTree = "<group>"; };
		AE961EA41BE82C4300E04491 /* Base */ = {isa = PBXFileReference; lastKnownFileType = file.storyboard; name = Base; path = Base.lproj/Main.storyboard; sourceTree = "<group>"; };
		AE961EA61BE82C4300E04491 /* Assets.xcassets */ = {isa = PBXFileReference; lastKnownFileType = folder.assetcatalog; path = Assets.xcassets; sourceTree = "<group>"; };
		AE961EA91BE82C4300E04491 /* Base */ = {isa = PBXFileReference; lastKnownFileType = file.storyboard; name = Base; path = Base.lproj/LaunchScreen.storyboard; sourceTree = "<group>"; };
		AE961EAB1BE82C4300E04491 /* Info.plist */ = {isa = PBXFileReference; lastKnownFileType = text.plist.xml; path = Info.plist; sourceTree = "<group>"; };
		AE961EB01BE82C4400E04491 /* ChatMachineTests.xctest */ = {isa = PBXFileReference; explicitFileType = wrapper.cfbundle; includeInIndex = 0; path = ChatMachineTests.xctest; sourceTree = BUILT_PRODUCTS_DIR; };
		AE961EB41BE82C4400E04491 /* ChatMachineTests.swift */ = {isa = PBXFileReference; lastKnownFileType = sourcecode.swift; path = ChatMachineTests.swift; sourceTree = "<group>"; };
		AE961EB61BE82C4400E04491 /* Info.plist */ = {isa = PBXFileReference; lastKnownFileType = text.plist.xml; path = Info.plist; sourceTree = "<group>"; };
		AE961EC11BE830F000E04491 /* Message.swift */ = {isa = PBXFileReference; fileEncoding = 4; lastKnownFileType = sourcecode.swift; path = Message.swift; sourceTree = "<group>"; };
		AE961EC51BE8314F00E04491 /* MessageBubbleTableViewCell.swift */ = {isa = PBXFileReference; fileEncoding = 4; lastKnownFileType = sourcecode.swift; path = MessageBubbleTableViewCell.swift; sourceTree = "<group>"; };
		AE961EC71BE8339B00E04491 /* MessageSentDateTableViewCell.swift */ = {isa = PBXFileReference; fileEncoding = 4; lastKnownFileType = sourcecode.swift; path = MessageSentDateTableViewCell.swift; sourceTree = "<group>"; };
		AE961EC91BE833CA00E04491 /* ChatViewController.swift */ = {isa = PBXFileReference; fileEncoding = 4; lastKnownFileType = sourcecode.swift; path = ChatViewController.swift; sourceTree = "<group>"; };
		AEFE30691BFDB8780060C353 /* WelcomeViewController.swift */ = {isa = PBXFileReference; fileEncoding = 4; lastKnownFileType = sourcecode.swift; path = WelcomeViewController.swift; sourceTree = "<group>"; };
		AEFE306D1BFDB8BC0060C353 /* SignUpViewController.swift */ = {isa = PBXFileReference; fileEncoding = 4; lastKnownFileType = sourcecode.swift; path = SignUpViewController.swift; sourceTree = "<group>"; };
		AEFE30701BFDBB060060C353 /* LogInViewController.swift */ = {isa = PBXFileReference; fileEncoding = 4; lastKnownFileType = sourcecode.swift; path = LogInViewController.swift; sourceTree = "<group>"; };
		B7BBB4648F4A18FB5B0085C6 /* Pods_ChatMachine.framework */ = {isa = PBXFileReference; explicitFileType = wrapper.framework; includeInIndex = 0; path = Pods_ChatMachine.framework; sourceTree = BUILT_PRODUCTS_DIR; };
/* End PBXFileReference section */

/* Begin PBXFrameworksBuildPhase section */
		AE961E991BE82C4300E04491 /* Frameworks */ = {
			isa = PBXFrameworksBuildPhase;
			buildActionMask = 2147483647;
			files = (
				B93C5EF0A3887351E18FCEFB /* Pods_ChatMachine.framework in Frameworks */,
				8D78BC542BF5454DBFE75D41 /* Pods.framework in Frameworks */,
			);
			runOnlyForDeploymentPostprocessing = 0;
		};
		AE961EAD1BE82C4400E04491 /* Frameworks */ = {
			isa = PBXFrameworksBuildPhase;
			buildActionMask = 2147483647;
			files = (
			);
			runOnlyForDeploymentPostprocessing = 0;
		};
/* End PBXFrameworksBuildPhase section */

/* Begin PBXGroup section */
		6F03F6D0A56E7A9F6A44132D /* Pods */ = {
			isa = PBXGroup;
			children = (
				AA68090FAD9E828D48950300 /* Pods.debug.xcconfig */,
				4BFADFC27686DC72E0F1DBA8 /* Pods.release.xcconfig */,
			);
			name = Pods;
			sourceTree = "<group>";
		};
		AE961E931BE82C4300E04491 = {
			isa = PBXGroup;
			children = (
				AE961E9E1BE82C4300E04491 /* ChatMachine */,
				AE961EB31BE82C4400E04491 /* ChatMachineTests */,
				AE961E9D1BE82C4300E04491 /* Products */,
				C1A1AC22CE6016E081781D31 /* Frameworks */,
				6F03F6D0A56E7A9F6A44132D /* Pods */,
			);
			sourceTree = "<group>";
		};
		AE961E9D1BE82C4300E04491 /* Products */ = {
			isa = PBXGroup;
			children = (
				AE961E9C1BE82C4300E04491 /* ChatMachine.app */,
				AE961EB01BE82C4400E04491 /* ChatMachineTests.xctest */,
			);
			name = Products;
			sourceTree = "<group>";
		};
		AE961E9E1BE82C4300E04491 /* ChatMachine */ = {
			isa = PBXGroup;
			children = (
				AE961E9F1BE82C4300E04491 /* AppDelegate.swift */,
				AEFE306F1BFDB8CA0060C353 /* Message */,
				AE961EC91BE833CA00E04491 /* ChatViewController.swift */,
				AEFE30691BFDB8780060C353 /* WelcomeViewController.swift */,
				AEFE30701BFDBB060060C353 /* LogInViewController.swift */,
				AEFE306D1BFDB8BC0060C353 /* SignUpViewController.swift */,
				AE961EA31BE82C4300E04491 /* Main.storyboard */,
				AE961EA61BE82C4300E04491 /* Assets.xcassets */,
				AE961EA81BE82C4300E04491 /* LaunchScreen.storyboard */,
				AE961EAB1BE82C4300E04491 /* Info.plist */,
			);
			path = ChatMachine;
			sourceTree = "<group>";
		};
		AE961EB31BE82C4400E04491 /* ChatMachineTests */ = {
			isa = PBXGroup;
			children = (
				AE961EB41BE82C4400E04491 /* ChatMachineTests.swift */,
				AE961EB61BE82C4400E04491 /* Info.plist */,
			);
			path = ChatMachineTests;
			sourceTree = "<group>";
		};
		AEFE306F1BFDB8CA0060C353 /* Message */ = {
			isa = PBXGroup;
			children = (
				AE961EC11BE830F000E04491 /* Message.swift */,
				AE961EC51BE8314F00E04491 /* MessageBubbleTableViewCell.swift */,
				AE961EC71BE8339B00E04491 /* MessageSentDateTableViewCell.swift */,
			);
			name = Message;
			sourceTree = "<group>";
		};
		C1A1AC22CE6016E081781D31 /* Frameworks */ = {
			isa = PBXGroup;
			children = (
				B7BBB4648F4A18FB5B0085C6 /* Pods_ChatMachine.framework */,
				A4A0A5F7869737A246A53381 /* Pods.framework */,
			);
			name = Frameworks;
			sourceTree = "<group>";
		};
/* End PBXGroup section */

/* Begin PBXNativeTarget section */
		AE961E9B1BE82C4300E04491 /* ChatMachine */ = {
			isa = PBXNativeTarget;
			buildConfigurationList = AE961EB91BE82C4400E04491 /* Build configuration list for PBXNativeTarget "ChatMachine" */;
			buildPhases = (
				BFC9BEFA709092C26D933D83 /* Check Pods Manifest.lock */,
				AE961E981BE82C4300E04491 /* Sources */,
				AE961E991BE82C4300E04491 /* Frameworks */,
				AE961E9A1BE82C4300E04491 /* Resources */,
				6AABC723C359D74A7E10421E /* Embed Pods Frameworks */,
				956E696CC81EFFCFAB725EC9 /* Copy Pods Resources */,
			);
			buildRules = (
			);
			dependencies = (
			);
			name = ChatMachine;
			productName = ChatMachine;
			productReference = AE961E9C1BE82C4300E04491 /* ChatMachine.app */;
			productType = "com.apple.product-type.application";
		};
		AE961EAF1BE82C4400E04491 /* ChatMachineTests */ = {
			isa = PBXNativeTarget;
			buildConfigurationList = AE961EBC1BE82C4400E04491 /* Build configuration list for PBXNativeTarget "ChatMachineTests" */;
			buildPhases = (
				AE961EAC1BE82C4400E04491 /* Sources */,
				AE961EAD1BE82C4400E04491 /* Frameworks */,
				AE961EAE1BE82C4400E04491 /* Resources */,
			);
			buildRules = (
			);
			dependencies = (
				AE961EB21BE82C4400E04491 /* PBXTargetDependency */,
			);
			name = ChatMachineTests;
			productName = ChatMachineTests;
			productReference = AE961EB01BE82C4400E04491 /* ChatMachineTests.xctest */;
			productType = "com.apple.product-type.bundle.unit-test";
		};
/* End PBXNativeTarget section */

/* Begin PBXProject section */
		AE961E941BE82C4300E04491 /* Project object */ = {
			isa = PBXProject;
			attributes = {
				LastSwiftMigration = 0710;
				LastSwiftUpdateCheck = 0710;
				LastUpgradeCheck = 0710;
				ORGANIZATIONNAME = "Yin Hua";
				TargetAttributes = {
					AE961E9B1BE82C4300E04491 = {
						CreatedOnToolsVersion = 7.1;
					};
					AE961EAF1BE82C4400E04491 = {
						CreatedOnToolsVersion = 7.1;
						TestTargetID = AE961E9B1BE82C4300E04491;
					};
				};
			};
			buildConfigurationList = AE961E971BE82C4300E04491 /* Build configuration list for PBXProject "ChatMachine" */;
			compatibilityVersion = "Xcode 3.2";
			developmentRegion = English;
			hasScannedForEncodings = 0;
			knownRegions = (
				en,
				Base,
			);
			mainGroup = AE961E931BE82C4300E04491;
			productRefGroup = AE961E9D1BE82C4300E04491 /* Products */;
			projectDirPath = "";
			projectRoot = "";
			targets = (
				AE961E9B1BE82C4300E04491 /* ChatMachine */,
				AE961EAF1BE82C4400E04491 /* ChatMachineTests */,
			);
		};
/* End PBXProject section */

/* Begin PBXResourcesBuildPhase section */
		AE961E9A1BE82C4300E04491 /* Resources */ = {
			isa = PBXResourcesBuildPhase;
			buildActionMask = 2147483647;
			files = (
				AE961EAA1BE82C4300E04491 /* LaunchScreen.storyboard in Resources */,
				AE961EA71BE82C4300E04491 /* Assets.xcassets in Resources */,
				AE961EA51BE82C4300E04491 /* Main.storyboard in Resources */,
			);
			runOnlyForDeploymentPostprocessing = 0;
		};
		AE961EAE1BE82C4400E04491 /* Resources */ = {
			isa = PBXResourcesBuildPhase;
			buildActionMask = 2147483647;
			files = (
			);
			runOnlyForDeploymentPostprocessing = 0;
		};
/* End PBXResourcesBuildPhase section */

/* Begin PBXShellScriptBuildPhase section */
		6AABC723C359D74A7E10421E /* Embed Pods Frameworks */ = {
			isa = PBXShellScriptBuildPhase;
			buildActionMask = 2147483647;
			files = (
			);
			inputPaths = (
			);
			name = "Embed Pods Frameworks";
			outputPaths = (
			);
			runOnlyForDeploymentPostprocessing = 0;
			shellPath = /bin/sh;
			shellScript = "\"${SRCROOT}/Pods/Target Support Files/Pods/Pods-frameworks.sh\"\n";
			showEnvVarsInLog = 0;
		};
		956E696CC81EFFCFAB725EC9 /* Copy Pods Resources */ = {
			isa = PBXShellScriptBuildPhase;
			buildActionMask = 2147483647;
			files = (
			);
			inputPaths = (
			);
			name = "Copy Pods Resources";
			outputPaths = (
			);
			runOnlyForDeploymentPostprocessing = 0;
			shellPath = /bin/sh;
			shellScript = "\"${SRCROOT}/Pods/Target Support Files/Pods/Pods-resources.sh\"\n";
			showEnvVarsInLog = 0;
		};
		BFC9BEFA709092C26D933D83 /* Check Pods Manifest.lock */ = {
			isa = PBXShellScriptBuildPhase;
			buildActionMask = 2147483647;
			files = (
			);
			inputPaths = (
			);
			name = "Check Pods Manifest.lock";
			outputPaths = (
			);
			runOnlyForDeploymentPostprocessing = 0;
			shellPath = /bin/sh;
			shellScript = "diff \"${PODS_ROOT}/../Podfile.lock\" \"${PODS_ROOT}/Manifest.lock\" > /dev/null\nif [[ $? != 0 ]] ; then\n    cat << EOM\nerror: The sandbox is not in sync with the Podfile.lock. Run 'pod install' or update your CocoaPods installation.\nEOM\n    exit 1\nfi\n";
			showEnvVarsInLog = 0;
		};
/* End PBXShellScriptBuildPhase section */

/* Begin PBXSourcesBuildPhase section */
		AE961E981BE82C4300E04491 /* Sources */ = {
			isa = PBXSourcesBuildPhase;
			buildActionMask = 2147483647;
			files = (
				AE961EC21BE830F000E04491 /* Message.swift in Sources */,
				AEFE306E1BFDB8BC0060C353 /* SignUpViewController.swift in Sources */,
				AE961EC61BE8314F00E04491 /* MessageBubbleTableViewCell.swift in Sources */,
				AE961EA01BE82C4300E04491 /* AppDelegate.swift in Sources */,
				AEFE30711BFDBB060060C353 /* LogInViewController.swift in Sources */,
				AEFE306A1BFDB8780060C353 /* WelcomeViewController.swift in Sources */,
				AE961ECA1BE833CA00E04491 /* ChatViewController.swift in Sources */,
				AE961EC81BE8339B00E04491 /* MessageSentDateTableViewCell.swift in Sources */,
			);
			runOnlyForDeploymentPostprocessing = 0;
		};
		AE961EAC1BE82C4400E04491 /* Sources */ = {
			isa = PBXSourcesBuildPhase;
			buildActionMask = 2147483647;
			files = (
				AE961EB51BE82C4400E04491 /* ChatMachineTests.swift in Sources */,
			);
			runOnlyForDeploymentPostprocessing = 0;
		};
/* End PBXSourcesBuildPhase section */

/* Begin PBXTargetDependency section */
		AE961EB21BE82C4400E04491 /* PBXTargetDependency */ = {
			isa = PBXTargetDependency;
			target = AE961E9B1BE82C4300E04491 /* ChatMachine */;
			targetProxy = AE961EB11BE82C4400E04491 /* PBXContainerItemProxy */;
		};
/* End PBXTargetDependency section */

/* Begin PBXVariantGroup section */
		AE961EA31BE82C4300E04491 /* Main.storyboard */ = {
			isa = PBXVariantGroup;
			children = (
				AE961EA41BE82C4300E04491 /* Base */,
			);
			name = Main.storyboard;
			sourceTree = "<group>";
		};
		AE961EA81BE82C4300E04491 /* LaunchScreen.storyboard */ = {
			isa = PBXVariantGroup;
			children = (
				AE961EA91BE82C4300E04491 /* Base */,
			);
			name = LaunchScreen.storyboard;
			sourceTree = "<group>";
		};
/* End PBXVariantGroup section */

/* Begin XCBuildConfiguration section */
		AE961EB71BE82C4400E04491 /* Debug */ = {
			isa = XCBuildConfiguration;
			buildSettings = {
				ALWAYS_SEARCH_USER_PATHS = NO;
				CLANG_CXX_LANGUAGE_STANDARD = "gnu++0x";
				CLANG_CXX_LIBRARY = "libc++";
				CLANG_ENABLE_MODULES = YES;
				CLANG_ENABLE_OBJC_ARC = YES;
				CLANG_WARN_BOOL_CONVERSION = YES;
				CLANG_WARN_CONSTANT_CONVERSION = YES;
				CLANG_WARN_DIRECT_OBJC_ISA_USAGE = YES_ERROR;
				CLANG_WARN_EMPTY_BODY = YES;
				CLANG_WARN_ENUM_CONVERSION = YES;
				CLANG_WARN_INT_CONVERSION = YES;
				CLANG_WARN_OBJC_ROOT_CLASS = YES_ERROR;
				CLANG_WARN_UNREACHABLE_CODE = YES;
				CLANG_WARN__DUPLICATE_METHOD_MATCH = YES;
				"CODE_SIGN_IDENTITY[sdk=iphoneos*]" = "iPhone Developer";
				COPY_PHASE_STRIP = NO;
				DEBUG_INFORMATION_FORMAT = dwarf;
				ENABLE_STRICT_OBJC_MSGSEND = YES;
				ENABLE_TESTABILITY = YES;
				GCC_C_LANGUAGE_STANDARD = gnu99;
				GCC_DYNAMIC_NO_PIC = NO;
				GCC_NO_COMMON_BLOCKS = YES;
				GCC_OPTIMIZATION_LEVEL = 0;
				GCC_PREPROCESSOR_DEFINITIONS = (
					"DEBUG=1",
					"$(inherited)",
				);
				GCC_WARN_64_TO_32_BIT_CONVERSION = YES;
				GCC_WARN_ABOUT_RETURN_TYPE = YES_ERROR;
				GCC_WARN_UNDECLARED_SELECTOR = YES;
				GCC_WARN_UNINITIALIZED_AUTOS = YES_AGGRESSIVE;
				GCC_WARN_UNUSED_FUNCTION = YES;
				GCC_WARN_UNUSED_VARIABLE = YES;
				IPHONEOS_DEPLOYMENT_TARGET = 9.1;
				MTL_ENABLE_DEBUG_INFO = YES;
				ONLY_ACTIVE_ARCH = YES;
				SDKROOT = iphoneos;
				SWIFT_OPTIMIZATION_LEVEL = "-Onone";
			};
			name = Debug;
		};
		AE961EB81BE82C4400E04491 /* Release */ = {
			isa = XCBuildConfiguration;
			buildSettings = {
				ALWAYS_SEARCH_USER_PATHS = NO;
				CLANG_CXX_LANGUAGE_STANDARD = "gnu++0x";
				CLANG_CXX_LIBRARY = "libc++";
				CLANG_ENABLE_MODULES = YES;
				CLANG_ENABLE_OBJC_ARC = YES;
				CLANG_WARN_BOOL_CONVERSION = YES;
				CLANG_WARN_CONSTANT_CONVERSION = YES;
				CLANG_WARN_DIRECT_OBJC_ISA_USAGE = YES_ERROR;
				CLANG_WARN_EMPTY_BODY = YES;
				CLANG_WARN_ENUM_CONVERSION = YES;
				CLANG_WARN_INT_CONVERSION = YES;
				CLANG_WARN_OBJC_ROOT_CLASS = YES_ERROR;
				CLANG_WARN_UNREACHABLE_CODE = YES;
				CLANG_WARN__DUPLICATE_METHOD_MATCH = YES;
				"CODE_SIGN_IDENTITY[sdk=iphoneos*]" = "iPhone Developer";
				COPY_PHASE_STRIP = NO;
				DEBUG_INFORMATION_FORMAT = "dwarf-with-dsym";
				ENABLE_NS_ASSERTIONS = NO;
				ENABLE_STRICT_OBJC_MSGSEND = YES;
				GCC_C_LANGUAGE_STANDARD = gnu99;
				GCC_NO_COMMON_BLOCKS = YES;
				GCC_WARN_64_TO_32_BIT_CONVERSION = YES;
				GCC_WARN_ABOUT_RETURN_TYPE = YES_ERROR;
				GCC_WARN_UNDECLARED_SELECTOR = YES;
				GCC_WARN_UNINITIALIZED_AUTOS = YES_AGGRESSIVE;
				GCC_WARN_UNUSED_FUNCTION = YES;
				GCC_WARN_UNUSED_VARIABLE = YES;
				IPHONEOS_DEPLOYMENT_TARGET = 9.1;
				MTL_ENABLE_DEBUG_INFO = NO;
				SDKROOT = iphoneos;
				VALIDATE_PRODUCT = YES;
			};
			name = Release;
		};
		AE961EBA1BE82C4400E04491 /* Debug */ = {
			isa = XCBuildConfiguration;
			baseConfigurationReference = AA68090FAD9E828D48950300 /* Pods.debug.xcconfig */;
			buildSettings = {
				ASSETCATALOG_COMPILER_APPICON_NAME = AppIcon;
				INFOPLIST_FILE = ChatMachine/Info.plist;
				IPHONEOS_DEPLOYMENT_TARGET = 8.0;
				LD_RUNPATH_SEARCH_PATHS = "$(inherited) @executable_path/Frameworks";
				PRODUCT_BUNDLE_IDENTIFIER = YinHua.ChatMachine;
				PRODUCT_NAME = "$(TARGET_NAME)";
			};
			name = Debug;
		};
		AE961EBB1BE82C4400E04491 /* Release */ = {
			isa = XCBuildConfiguration;
			baseConfigurationReference = 4BFADFC27686DC72E0F1DBA8 /* Pods.release.xcconfig */;
			buildSettings = {
				ASSETCATALOG_COMPILER_APPICON_NAME = AppIcon;
				INFOPLIST_FILE = ChatMachine/Info.plist;
				IPHONEOS_DEPLOYMENT_TARGET = 8.0;
				LD_RUNPATH_SEARCH_PATHS = "$(inherited) @executable_path/Frameworks";
				PRODUCT_BUNDLE_IDENTIFIER = YinHua.ChatMachine;
				PRODUCT_NAME = "$(TARGET_NAME)";
			};
			name = Release;
		};
		AE961EBD1BE82C4400E04491 /* Debug */ = {
			isa = XCBuildConfiguration;
			buildSettings = {
				BUNDLE_LOADER = "$(TEST_HOST)";
				INFOPLIST_FILE = ChatMachineTests/Info.plist;
				LD_RUNPATH_SEARCH_PATHS = "$(inherited) @executable_path/Frameworks @loader_path/Frameworks";
				PRODUCT_BUNDLE_IDENTIFIER = YinHua.ChatMachineTests;
				PRODUCT_NAME = "$(TARGET_NAME)";
				TEST_HOST = "$(BUILT_PRODUCTS_DIR)/ChatMachine.app/ChatMachine";
			};
			name = Debug;
		};
		AE961EBE1BE82C4400E04491 /* Release */ = {
			isa = XCBuildConfiguration;
			buildSettings = {
				BUNDLE_LOADER = "$(TEST_HOST)";
				INFOPLIST_FILE = ChatMachineTests/Info.plist;
				LD_RUNPATH_SEARCH_PATHS = "$(inherited) @executable_path/Frameworks @loader_path/Frameworks";
				PRODUCT_BUNDLE_IDENTIFIER = YinHua.ChatMachineTests;
				PRODUCT_NAME = "$(TARGET_NAME)";
				TEST_HOST = "$(BUILT_PRODUCTS_DIR)/ChatMachine.app/ChatMachine";
			};
			name = Release;
		};
/* End XCBuildConfiguration section */

/* Begin XCConfigurationList section */
		AE961E971BE82C4300E04491 /* Build configuration list for PBXProject "ChatMachine" */ = {
			isa = XCConfigurationList;
			buildConfigurations = (
				AE961EB71BE82C4400E04491 /* Debug */,
				AE961EB81BE82C4400E04491 /* Release */,
			);
			defaultConfigurationIsVisible = 0;
			defaultConfigurationName = Release;
		};
		AE961EB91BE82C4400E04491 /* Build configuration list for PBXNativeTarget "ChatMachine" */ = {
			isa = XCConfigurationList;
			buildConfigurations = (
				AE961EBA1BE82C4400E04491 /* Debug */,
				AE961EBB1BE82C4400E04491 /* Release */,
			);
			defaultConfigurationIsVisible = 0;
			defaultConfigurationName = Release;
		};
		AE961EBC1BE82C4400E04491 /* Build configuration list for PBXNativeTarget "ChatMachineTests" */ = {
			isa = XCConfigurationList;
			buildConfigurations = (
				AE961EBD1BE82C4400E04491 /* Debug */,
				AE961EBE1BE82C4400E04491 /* Release */,
			);
			defaultConfigurationIsVisible = 0;
			defaultConfigurationName = Release;
		};
/* End XCConfigurationList section */
	};
	rootObject = AE961E941BE82C4300E04491 /* Project object */;
}
